
Microsoft Visual Studio Solution File, Format Version 12.00
# Visual Studio Version 16
VisualStudioVersion = 16.0.29905.134
MinimumVisualStudioVersion = 10.0.40219.1
Project("{9A19103F-16F7-4668-BE54-9A1E7A4F7556}") = "MTShop.DataLayer", "MTShop.DataLayer\MTShop.DataLayer.csproj", "{7B005782-757E-4962-9F3E-C31EB5BDF1B0}"
EndProject
Project("{FAE04EC0-301F-11D3-BF4B-00C04F79EFBC}") = "MTShop.Core", "MTShop.Core\MTShop.Core.csproj", "{530A12B9-6DB9-4235-92BA-7683042E4DE2}"
EndProject
Project("{FAE04EC0-301F-11D3-BF4B-00C04F79EFBC}") = "MTShop.Web", "MTShop.Web\MTShop.Web.csproj", "{61AF301A-7E34-4735-A61C-19B8E7814035}"
EndProject
Global
	GlobalSection(SolutionConfigurationPlatforms) = preSolution
		Debug|Any CPU = Debug|Any CPU
		Release|Any CPU = Release|Any CPU
	EndGlobalSection
	GlobalSection(ProjectConfigurationPlatforms) = postSolution
		{7B005782-757E-4962-9F3E-C31EB5BDF1B0}.Debug|Any CPU.ActiveCfg = Debug|Any CPU
		{7B005782-757E-4962-9F3E-C31EB5BDF1B0}.Debug|Any CPU.Build.0 = Debug|Any CPU
		{7B005782-757E-4962-9F3E-C31EB5BDF1B0}.Release|Any CPU.ActiveCfg = Release|Any CPU
		{7B005782-757E-4962-9F3E-C31EB5BDF1B0}.Release|Any CPU.Build.0 = Release|Any CPU
		{530A12B9-6DB9-4235-92BA-7683042E4DE2}.Debug|Any CPU.ActiveCfg = Debug|Any CPU
		{530A12B9-6DB9-4235-92BA-7683042E4DE2}.Debug|Any CPU.Build.0 = Debug|Any CPU
		{530A12B9-6DB9-4235-92BA-7683042E4DE2}.Release|Any CPU.ActiveCfg = Release|Any CPU
		{530A12B9-6DB9-4235-92BA-7683042E4DE2}.Release|Any CPU.Build.0 = Release|Any CPU
		{61AF301A-7E34-4735-A61C-19B8E7814035}.Debug|Any CPU.ActiveCfg = Debug|Any CPU
		{61AF301A-7E34-4735-A61C-19B8E7814035}.Debug|Any CPU.Build.0 = Debug|Any CPU
		{61AF301A-7E34-4735-A61C-19B8E7814035}.Release|Any CPU.ActiveCfg = Release|Any CPU
		{61AF301A-7E34-4735-A61C-19B8E7814035}.Release|Any CPU.Build.0 = Release|Any CPU
	EndGlobalSection
	GlobalSection(SolutionProperties) = preSolution
		HideSolutionNode = FALSE
	EndGlobalSection
	GlobalSection(ExtensibilityGlobals) = postSolution
		SolutionGuid = {D309BB8C-595D-4025-B8C3-B98EEB3EB2C5}
	EndGlobalSection
EndGlobal
